
Microsoft Visual Studio Solution File, Format Version 12.00
Project("{FAE04EC0-301F-11D3-BF4B-00C04F79EFBC}") = "MyList", "MyList\MyList.csproj", "{E0CCC9E8-7A3A-4352-BDF5-CE15A4F673B0}"
EndProject
Project("{FAE04EC0-301F-11D3-BF4B-00C04F79EFBC}") = "MyListTests", "MyListTests\MyListTests.csproj", "{8208C28D-1265-47E1-BA20-9B7E16494B66}"
EndProject
Global
	GlobalSection(SolutionConfigurationPlatforms) = preSolution
		Debug|Any CPU = Debug|Any CPU
		Release|Any CPU = Release|Any CPU
	EndGlobalSection
	GlobalSection(ProjectConfigurationPlatforms) = postSolution
		{E0CCC9E8-7A3A-4352-BDF5-CE15A4F673B0}.Debug|Any CPU.ActiveCfg = Debug|Any CPU
		{E0CCC9E8-7A3A-4352-BDF5-CE15A4F673B0}.Debug|Any CPU.Build.0 = Debug|Any CPU
		{E0CCC9E8-7A3A-4352-BDF5-CE15A4F673B0}.Release|Any CPU.ActiveCfg = Release|Any CPU
		{E0CCC9E8-7A3A-4352-BDF5-CE15A4F673B0}.Release|Any CPU.Build.0 = Release|Any CPU
		{8208C28D-1265-47E1-BA20-9B7E16494B66}.Debug|Any CPU.ActiveCfg = Debug|Any CPU
		{8208C28D-1265-47E1-BA20-9B7E16494B66}.Debug|Any CPU.Build.0 = Debug|Any CPU
		{8208C28D-1265-47E1-BA20-9B7E16494B66}.Release|Any CPU.ActiveCfg = Release|Any CPU
		{8208C28D-1265-47E1-BA20-9B7E16494B66}.Release|Any CPU.Build.0 = Release|Any CPU
	EndGlobalSection
EndGlobal
